
Microsoft Visual Studio Solution File, Format Version 12.00
# Visual Studio Version 17
VisualStudioVersion = 17.7.34031.279
MinimumVisualStudioVersion = 10.0.40219.1
Project("{FAE04EC0-301F-11D3-BF4B-00C04F79EFBC}") = "RecordanceApp", "RecordanceApp\RecordanceApp.csproj", "{B1F982DA-6A22-4529-B405-6A3E20A61B68}"
EndProject
Global
	GlobalSection(SolutionConfigurationPlatforms) = preSolution
		Debug|Any CPU = Debug|Any CPU
		Release|Any CPU = Release|Any CPU
	EndGlobalSection
	GlobalSection(ProjectConfigurationPlatforms) = postSolution
		{B1F982DA-6A22-4529-B405-6A3E20A61B68}.Debug|Any CPU.ActiveCfg = Debug|Any CPU
		{B1F982DA-6A22-4529-B405-6A3E20A61B68}.Debug|Any CPU.Build.0 = Debug|Any CPU
		{B1F982DA-6A22-4529-B405-6A3E20A61B68}.Release|Any CPU.ActiveCfg = Release|Any CPU
		{B1F982DA-6A22-4529-B405-6A3E20A61B68}.Release|Any CPU.Build.0 = Release|Any CPU
	EndGlobalSection
	GlobalSection(SolutionProperties) = preSolution
		HideSolutionNode = FALSE
	EndGlobalSection
	GlobalSection(ExtensibilityGlobals) = postSolution
		SolutionGuid = {A43D70B6-8A7E-461C-9F15-D472BA6C3CCE}
	EndGlobalSection
EndGlobal
